<Solution>
	<Folder Name="/Solution Items/">
		<File Path="Directory.Build.props" />
		<File Path="Directory.Packages.props" />
		<File Path="global.json" />
	</Folder>
	<Project Path="Todo.Api/Todo.Api.csproj" Id="208E8865-737F-4942-9E5B-1DE806EC49B7 "/>
	<Project Path="Todo.Core/Todo.Core.csproj" Id="406cde36-9d1f-4d15-bf8b-31f607d7616e" />
</Solution>
